
Microsoft Visual Studio Solution File, Format Version 12.00
# Visual Studio Version 17
VisualStudioVersion = 17.1.32421.90
MinimumVisualStudioVersion = 10.0.40219.1
Project("{FAE04EC0-301F-11D3-BF4B-00C04F79EFBC}") = "xfoodpizza", "xfoodpizza\xfoodpizza.csproj", "{4B9639F9-E1B1-4C04-B0A9-242CF6A58E1B}"
EndProject
Global
	GlobalSection(SolutionConfigurationPlatforms) = preSolution
		Debug|Any CPU = Debug|Any CPU
		Release|Any CPU = Release|Any CPU
	EndGlobalSection
	GlobalSection(ProjectConfigurationPlatforms) = postSolution
		{4B9639F9-E1B1-4C04-B0A9-242CF6A58E1B}.Debug|Any CPU.ActiveCfg = Debug|Any CPU
		{4B9639F9-E1B1-4C04-B0A9-242CF6A58E1B}.Debug|Any CPU.Build.0 = Debug|Any CPU
		{4B9639F9-E1B1-4C04-B0A9-242CF6A58E1B}.Release|Any CPU.ActiveCfg = Release|Any CPU
		{4B9639F9-E1B1-4C04-B0A9-242CF6A58E1B}.Release|Any CPU.Build.0 = Release|Any CPU
	EndGlobalSection
	GlobalSection(SolutionProperties) = preSolution
		HideSolutionNode = FALSE
	EndGlobalSection
	GlobalSection(ExtensibilityGlobals) = postSolution
		SolutionGuid = {E8988F1B-0F98-46D9-A6CA-F0C45E9A9F77}
	EndGlobalSection
EndGlobal
